
Microsoft Visual Studio Solution File, Format Version 12.00
# Visual Studio Version 17
VisualStudioVersion = 17.2.32526.322
MinimumVisualStudioVersion = 10.0.40219.1
Project("{FAE04EC0-301F-11D3-BF4B-00C04F79EFBC}") = "API", "API\API.csproj", "{7BFD2DD1-CE31-4943-82B2-044114C7A91F}"
EndProject
Global
	GlobalSection(SolutionConfigurationPlatforms) = preSolution
		Debug|Any CPU = Debug|Any CPU
		Release|Any CPU = Release|Any CPU
	EndGlobalSection
	GlobalSection(ProjectConfigurationPlatforms) = postSolution
		{7BFD2DD1-CE31-4943-82B2-044114C7A91F}.Debug|Any CPU.ActiveCfg = Debug|Any CPU
		{7BFD2DD1-CE31-4943-82B2-044114C7A91F}.Debug|Any CPU.Build.0 = Debug|Any CPU
		{7BFD2DD1-CE31-4943-82B2-044114C7A91F}.Release|Any CPU.ActiveCfg = Release|Any CPU
		{7BFD2DD1-CE31-4943-82B2-044114C7A91F}.Release|Any CPU.Build.0 = Release|Any CPU
	EndGlobalSection
	GlobalSection(SolutionProperties) = preSolution
		HideSolutionNode = FALSE
	EndGlobalSection
	GlobalSection(ExtensibilityGlobals) = postSolution
		SolutionGuid = {ADB188B8-459C-4055-B33A-0F55BFE15415}
	EndGlobalSection
EndGlobal
